
Microsoft Visual Studio Solution File, Format Version 12.00
# Visual Studio Version 16
VisualStudioVersion = 16.0.30611.23
MinimumVisualStudioVersion = 10.0.40219.1
Project("{FAE04EC0-301F-11D3-BF4B-00C04F79EFBC}") = "ExistingDbCore", "ExistingDbCore\ExistingDbCore.csproj", "{85BC5E59-9C58-4BBB-9814-15B6BCAAE030}"
EndProject
Project("{9A19103F-16F7-4668-BE54-9A1E7A4F7556}") = "AccesEFClassLibrary", "AccesEFClassLibrary\AccesEFClassLibrary.csproj", "{52F05AB1-2EF1-485F-BB19-634213D96FA2}"
EndProject
Global
	GlobalSection(SolutionConfigurationPlatforms) = preSolution
		Debug|Any CPU = Debug|Any CPU
		Release|Any CPU = Release|Any CPU
	EndGlobalSection
	GlobalSection(ProjectConfigurationPlatforms) = postSolution
		{85BC5E59-9C58-4BBB-9814-15B6BCAAE030}.Debug|Any CPU.ActiveCfg = Debug|Any CPU
		{85BC5E59-9C58-4BBB-9814-15B6BCAAE030}.Debug|Any CPU.Build.0 = Debug|Any CPU
		{85BC5E59-9C58-4BBB-9814-15B6BCAAE030}.Release|Any CPU.ActiveCfg = Release|Any CPU
		{85BC5E59-9C58-4BBB-9814-15B6BCAAE030}.Release|Any CPU.Build.0 = Release|Any CPU
		{52F05AB1-2EF1-485F-BB19-634213D96FA2}.Debug|Any CPU.ActiveCfg = Debug|Any CPU
		{52F05AB1-2EF1-485F-BB19-634213D96FA2}.Debug|Any CPU.Build.0 = Debug|Any CPU
		{52F05AB1-2EF1-485F-BB19-634213D96FA2}.Release|Any CPU.ActiveCfg = Release|Any CPU
		{52F05AB1-2EF1-485F-BB19-634213D96FA2}.Release|Any CPU.Build.0 = Release|Any CPU
	EndGlobalSection
	GlobalSection(SolutionProperties) = preSolution
		HideSolutionNode = FALSE
	EndGlobalSection
	GlobalSection(ExtensibilityGlobals) = postSolution
		SolutionGuid = {0CFD76E4-7206-4C7E-B7C8-044EF2A86D1C}
	EndGlobalSection
EndGlobal
